
Microsoft Visual Studio Solution File, Format Version 12.00
# Visual Studio Version 17
VisualStudioVersion = 17.7.34031.279
MinimumVisualStudioVersion = 10.0.40219.1
Project("{FAE04EC0-301F-11D3-BF4B-00C04F79EFBC}") = "AdventOfCode2023", "AdventOfCode2023\AdventOfCode2023.csproj", "{B02534F1-E73A-44AB-92B7-EC750F702C11}"
EndProject
Global
	GlobalSection(SolutionConfigurationPlatforms) = preSolution
		Debug|Any CPU = Debug|Any CPU
		Release|Any CPU = Release|Any CPU
	EndGlobalSection
	GlobalSection(ProjectConfigurationPlatforms) = postSolution
		{B02534F1-E73A-44AB-92B7-EC750F702C11}.Debug|Any CPU.ActiveCfg = Debug|Any CPU
		{B02534F1-E73A-44AB-92B7-EC750F702C11}.Debug|Any CPU.Build.0 = Debug|Any CPU
		{B02534F1-E73A-44AB-92B7-EC750F702C11}.Release|Any CPU.ActiveCfg = Release|Any CPU
		{B02534F1-E73A-44AB-92B7-EC750F702C11}.Release|Any CPU.Build.0 = Release|Any CPU
	EndGlobalSection
	GlobalSection(SolutionProperties) = preSolution
		HideSolutionNode = FALSE
	EndGlobalSection
	GlobalSection(ExtensibilityGlobals) = postSolution
		SolutionGuid = {3BF29A90-933E-4683-B81F-71F23156F914}
	EndGlobalSection
EndGlobal
